
Microsoft Visual Studio Solution File, Format Version 12.00
# Visual Studio Version 16
VisualStudioVersion = 16.0.29209.62
MinimumVisualStudioVersion = 10.0.40219.1
Project("{FAE04EC0-301F-11D3-BF4B-00C04F79EFBC}") = "Helpers", ".\Helpers.csproj", "{98988005-480B-4741-80DC-0687E2F6032E}"
EndProject
Global
	GlobalSection(SolutionConfigurationPlatforms) = preSolution
		Debug|Any CPU = Debug|Any CPU
		Release|Any CPU = Release|Any CPU
	EndGlobalSection
	GlobalSection(ProjectConfigurationPlatforms) = postSolution
		{98988005-480B-4741-80DC-0687E2F6032E}.Debug|Any CPU.ActiveCfg = Debug|Any CPU
		{98988005-480B-4741-80DC-0687E2F6032E}.Debug|Any CPU.Build.0 = Debug|Any CPU
		{98988005-480B-4741-80DC-0687E2F6032E}.Release|Any CPU.ActiveCfg = Release|Any CPU
		{98988005-480B-4741-80DC-0687E2F6032E}.Release|Any CPU.Build.0 = Release|Any CPU
	EndGlobalSection
	GlobalSection(SolutionProperties) = preSolution
		HideSolutionNode = FALSE
	EndGlobalSection
	GlobalSection(ExtensibilityGlobals) = postSolution
		SolutionGuid = {630F0B47-6723-463D-89A4-333CF2D9B599}
	EndGlobalSection
EndGlobal
